
Microsoft Visual Studio Solution File, Format Version 12.00
Project("{F2A71F9B-5D33-465A-A702-920D77279786}") = "RadarioTest", "RadarioTest\RadarioTest.fsproj", "{2AA2BFA4-11BA-468F-924D-4AD948E866AA}"
EndProject
Global
	GlobalSection(SolutionConfigurationPlatforms) = preSolution
		Debug|Any CPU = Debug|Any CPU
		Release|Any CPU = Release|Any CPU
	EndGlobalSection
	GlobalSection(ProjectConfigurationPlatforms) = postSolution
		{2AA2BFA4-11BA-468F-924D-4AD948E866AA}.Debug|Any CPU.ActiveCfg = Debug|Any CPU
		{2AA2BFA4-11BA-468F-924D-4AD948E866AA}.Debug|Any CPU.Build.0 = Debug|Any CPU
		{2AA2BFA4-11BA-468F-924D-4AD948E866AA}.Release|Any CPU.ActiveCfg = Release|Any CPU
		{2AA2BFA4-11BA-468F-924D-4AD948E866AA}.Release|Any CPU.Build.0 = Release|Any CPU
	EndGlobalSection
EndGlobal
